
Microsoft Visual Studio Solution File, Format Version 12.00
# Visual Studio Version 16
VisualStudioVersion = 16.0.33328.57
MinimumVisualStudioVersion = 10.0.40219.1
Project("{FAE04EC0-301F-11D3-BF4B-00C04F79EFBC}") = "Methord", "Methord\Methord.csproj", "{037AB541-F077-4C48-AE1F-B195BE6973F0}"
EndProject
Project("{FAE04EC0-301F-11D3-BF4B-00C04F79EFBC}") = "p191_ex1", "p191_ex1\p191_ex1.csproj", "{B8F1EDD9-6845-4264-A886-C6AA1CF9D58F}"
EndProject
Project("{FAE04EC0-301F-11D3-BF4B-00C04F79EFBC}") = "p195_ex1", "p195_ex1\p195_ex1.csproj", "{0D562B00-8B09-440F-8F16-1B208A4F3E93}"
EndProject
Project("{FAE04EC0-301F-11D3-BF4B-00C04F79EFBC}") = "p197_ex1", "p197_ex1\p197_ex1.csproj", "{1542AB12-ECD5-49A8-868D-9627907780EB}"
EndProject
Project("{FAE04EC0-301F-11D3-BF4B-00C04F79EFBC}") = "p199_ex1", "p199_ex1\p199_ex1.csproj", "{7937F510-4E58-4DF1-901F-95F296E4A07D}"
EndProject
Global
	GlobalSection(SolutionConfigurationPlatforms) = preSolution
		Debug|Any CPU = Debug|Any CPU
		Release|Any CPU = Release|Any CPU
	EndGlobalSection
	GlobalSection(ProjectConfigurationPlatforms) = postSolution
		{037AB541-F077-4C48-AE1F-B195BE6973F0}.Debug|Any CPU.ActiveCfg = Debug|Any CPU
		{037AB541-F077-4C48-AE1F-B195BE6973F0}.Debug|Any CPU.Build.0 = Debug|Any CPU
		{037AB541-F077-4C48-AE1F-B195BE6973F0}.Release|Any CPU.ActiveCfg = Release|Any CPU
		{037AB541-F077-4C48-AE1F-B195BE6973F0}.Release|Any CPU.Build.0 = Release|Any CPU
		{B8F1EDD9-6845-4264-A886-C6AA1CF9D58F}.Debug|Any CPU.ActiveCfg = Debug|Any CPU
		{B8F1EDD9-6845-4264-A886-C6AA1CF9D58F}.Debug|Any CPU.Build.0 = Debug|Any CPU
		{B8F1EDD9-6845-4264-A886-C6AA1CF9D58F}.Release|Any CPU.ActiveCfg = Release|Any CPU
		{B8F1EDD9-6845-4264-A886-C6AA1CF9D58F}.Release|Any CPU.Build.0 = Release|Any CPU
		{0D562B00-8B09-440F-8F16-1B208A4F3E93}.Debug|Any CPU.ActiveCfg = Debug|Any CPU
		{0D562B00-8B09-440F-8F16-1B208A4F3E93}.Debug|Any CPU.Build.0 = Debug|Any CPU
		{0D562B00-8B09-440F-8F16-1B208A4F3E93}.Release|Any CPU.ActiveCfg = Release|Any CPU
		{0D562B00-8B09-440F-8F16-1B208A4F3E93}.Release|Any CPU.Build.0 = Release|Any CPU
		{1542AB12-ECD5-49A8-868D-9627907780EB}.Debug|Any CPU.ActiveCfg = Debug|Any CPU
		{1542AB12-ECD5-49A8-868D-9627907780EB}.Debug|Any CPU.Build.0 = Debug|Any CPU
		{1542AB12-ECD5-49A8-868D-9627907780EB}.Release|Any CPU.ActiveCfg = Release|Any CPU
		{1542AB12-ECD5-49A8-868D-9627907780EB}.Release|Any CPU.Build.0 = Release|Any CPU
		{7937F510-4E58-4DF1-901F-95F296E4A07D}.Debug|Any CPU.ActiveCfg = Debug|Any CPU
		{7937F510-4E58-4DF1-901F-95F296E4A07D}.Debug|Any CPU.Build.0 = Debug|Any CPU
		{7937F510-4E58-4DF1-901F-95F296E4A07D}.Release|Any CPU.ActiveCfg = Release|Any CPU
		{7937F510-4E58-4DF1-901F-95F296E4A07D}.Release|Any CPU.Build.0 = Release|Any CPU
	EndGlobalSection
	GlobalSection(SolutionProperties) = preSolution
		HideSolutionNode = FALSE
	EndGlobalSection
	GlobalSection(ExtensibilityGlobals) = postSolution
		SolutionGuid = {5BE906E5-B2DD-4235-A01B-0F97DA2DFC67}
	EndGlobalSection
EndGlobal
